// !$*UTF8*$!
{
	archiveVersion = 1;
	classes = {
	};
	objectVersion = 46;
	objects = {

/* Begin PBXBuildFile section */
		140BE389168ED94A000818CC /* sampleIcon1.png in Resources */ = {isa = PBXBuildFile; fileRef = 140BE385168ED94A000818CC /* sampleIcon1.png */; };
		140BE38A168ED94A000818CC /* sampleIcon2.png in Resources */ = {isa = PBXBuildFile; fileRef = 140BE386168ED94A000818CC /* sampleIcon2.png */; };
		140BE38B168ED94A000818CC /* sampleIcon3.png in Resources */ = {isa = PBXBuildFile; fileRef = 140BE387168ED94A000818CC /* sampleIcon3.png */; };
		140BE38C168ED94A000818CC /* woodTile.png in Resources */ = {isa = PBXBuildFile; fileRef = 140BE388168ED94A000818CC /* woodTile.png */; };
		14372A07168E702D0066D9E4 /* NSColor+SKAAdditions.m in Sources */ = {isa = PBXBuildFile; fileRef = 143729FC168E702D0066D9E4 /* NSColor+SKAAdditions.m */; };
		14372A08168E702D0066D9E4 /* NSImage+SKAAdditions.m in Sources */ = {isa = PBXBuildFile; fileRef = 143729FE168E702D0066D9E4 /* NSImage+SKAAdditions.m */; };
		14372A09168E702D0066D9E4 /* SKAAppDelegate.m in Sources */ = {isa = PBXBuildFile; fileRef = 14372A01168E702D0066D9E4 /* SKAAppDelegate.m */; };
		14372A0A168E702D0066D9E4 /* SKAMainWindowController.m in Sources */ = {isa = PBXBuildFile; fileRef = 14372A03168E702D0066D9E4 /* SKAMainWindowController.m */; };
		14372A0B168E702D0066D9E4 /* SKASceneView.m in Sources */ = {isa = PBXBuildFile; fileRef = 14372A05168E702D0066D9E4 /* SKASceneView.m */; };
		14372A26168E72E20066D9E4 /* main.m in Sources */ = {isa = PBXBuildFile; fileRef = 14372A24168E71F70066D9E4 /* main.m */; };
		14372A31168ED8EF0066D9E4 /* box.dae in Resources */ = {isa = PBXBuildFile; fileRef = 14372A2D168ED8EF0066D9E4 /* box.dae */; };
		14372A32168ED8EF0066D9E4 /* Credits.rtf in Resources */ = {isa = PBXBuildFile; fileRef = 14372A2E168ED8EF0066D9E4 /* Credits.rtf */; };
		14372A33168ED8EF0066D9E4 /* MainMenu.xib in Resources */ = {isa = PBXBuildFile; fileRef = 14372A2F168ED8EF0066D9E4 /* MainMenu.xib */; };
		14372A34168ED8EF0066D9E4 /* SKAMainWindowController.xib in Resources */ = {isa = PBXBuildFile; fileRef = 14372A30168ED8EF0066D9E4 /* SKAMainWindowController.xib */; };
		14F15366168C6DA000CB4D1C /* Cocoa.framework in Frameworks */ = {isa = PBXBuildFile; fileRef = 14F15365168C6DA000CB4D1C /* Cocoa.framework */; };
		14F153C7168C6FB000CB4D1C /* SceneKit.framework in Frameworks */ = {isa = PBXBuildFile; fileRef = 14F153C6168C6FB000CB4D1C /* SceneKit.framework */; };
		14F153CB168C70AC00CB4D1C /* QuartzCore.framework in Frameworks */ = {isa = PBXBuildFile; fileRef = 14F153CA168C70AC00CB4D1C /* QuartzCore.framework */; };
/* End PBXBuildFile section */

/* Begin PBXFileReference section */
		140BE385168ED94A000818CC /* sampleIcon1.png */ = {isa = PBXFileReference; lastKnownFileType = image.png; path = sampleIcon1.png; sourceTree = "<group>"; };
		140BE386168ED94A000818CC /* sampleIcon2.png */ = {isa = PBXFileReference; lastKnownFileType = image.png; path = sampleIcon2.png; sourceTree = "<group>"; };
		140BE387168ED94A000818CC /* sampleIcon3.png */ = {isa = PBXFileReference; lastKnownFileType = image.png; path = sampleIcon3.png; sourceTree = "<group>"; };
		140BE388168ED94A000818CC /* woodTile.png */ = {isa = PBXFileReference; lastKnownFileType = image.png; path = woodTile.png; sourceTree = "<group>"; };
		143729FB168E702D0066D9E4 /* NSColor+SKAAdditions.h */ = {isa = PBXFileReference; fileEncoding = 4; lastKnownFileType = sourcecode.c.h; path = "NSColor+SKAAdditions.h"; sourceTree = "<group>"; };
		143729FC168E702D0066D9E4 /* NSColor+SKAAdditions.m */ = {isa = PBXFileReference; fileEncoding = 4; lastKnownFileType = sourcecode.c.objc; path = "NSColor+SKAAdditions.m"; sourceTree = "<group>"; };
		143729FD168E702D0066D9E4 /* NSImage+SKAAdditions.h */ = {isa = PBXFileReference; fileEncoding = 4; lastKnownFileType = sourcecode.c.h; path = "NSImage+SKAAdditions.h"; sourceTree = "<group>"; };
		143729FE168E702D0066D9E4 /* NSImage+SKAAdditions.m */ = {isa = PBXFileReference; fileEncoding = 4; lastKnownFileType = sourcecode.c.objc; path = "NSImage+SKAAdditions.m"; sourceTree = "<group>"; };
		14372A00168E702D0066D9E4 /* SKAAppDelegate.h */ = {isa = PBXFileReference; fileEncoding = 4; lastKnownFileType = sourcecode.c.h; path = SKAAppDelegate.h; sourceTree = "<group>"; };
		14372A01168E702D0066D9E4 /* SKAAppDelegate.m */ = {isa = PBXFileReference; fileEncoding = 4; lastKnownFileType = sourcecode.c.objc; path = SKAAppDelegate.m; sourceTree = "<group>"; };
		14372A02168E702D0066D9E4 /* SKAMainWindowController.h */ = {isa = PBXFileReference; fileEncoding = 4; lastKnownFileType = sourcecode.c.h; path = SKAMainWindowController.h; sourceTree = "<group>"; };
		14372A03168E702D0066D9E4 /* SKAMainWindowController.m */ = {isa = PBXFileReference; fileEncoding = 4; lastKnownFileType = sourcecode.c.objc; path = SKAMainWindowController.m; sourceTree = "<group>"; };
		14372A04168E702D0066D9E4 /* SKASceneView.h */ = {isa = PBXFileReference; fileEncoding = 4; lastKnownFileType = sourcecode.c.h; path = SKASceneView.h; sourceTree = "<group>"; };
		14372A05168E702D0066D9E4 /* SKASceneView.m */ = {isa = PBXFileReference; fileEncoding = 4; lastKnownFileType = sourcecode.c.objc; path = SKASceneView.m; sourceTree = "<group>"; };
		14372A11168E71960066D9E4 /* SceneKitArtwork-Info.plist */ = {isa = PBXFileReference; fileEncoding = 4; lastKnownFileType = text.plist; path = "SceneKitArtwork-Info.plist"; sourceTree = "<group>"; };
		14372A24168E71F70066D9E4 /* main.m */ = {isa = PBXFileReference; lastKnownFileType = sourcecode.c.objc; path = main.m; sourceTree = "<group>"; };
		14372A25168E71F70066D9E4 /* SceneKitArtwork-Prefix.pch */ = {isa = PBXFileReference; lastKnownFileType = sourcecode.c.h; path = "SceneKitArtwork-Prefix.pch"; sourceTree = "<group>"; };
		14372A2D168ED8EF0066D9E4 /* box.dae */ = {isa = PBXFileReference; fileEncoding = 4; lastKnownFileType = text.xml; path = box.dae; sourceTree = "<group>"; };
		14372A2E168ED8EF0066D9E4 /* Credits.rtf */ = {isa = PBXFileReference; fileEncoding = 4; lastKnownFileType = text.rtf; path = Credits.rtf; sourceTree = "<group>"; };
		14372A2F168ED8EF0066D9E4 /* MainMenu.xib */ = {isa = PBXFileReference; fileEncoding = 4; lastKnownFileType = file.xib; path = MainMenu.xib; sourceTree = "<group>"; };
		14372A30168ED8EF0066D9E4 /* SKAMainWindowController.xib */ = {isa = PBXFileReference; fileEncoding = 4; lastKnownFileType = file.xib; path = SKAMainWindowController.xib; sourceTree = "<group>"; };
		14F15361168C6DA000CB4D1C /* SceneKitArtwork.app */ = {isa = PBXFileReference; explicitFileType = wrapper.application; includeInIndex = 0; path = SceneKitArtwork.app; sourceTree = BUILT_PRODUCTS_DIR; };
		14F15365168C6DA000CB4D1C /* Cocoa.framework */ = {isa = PBXFileReference; lastKnownFileType = wrapper.framework; name = Cocoa.framework; path = System/Library/Frameworks/Cocoa.framework; sourceTree = SDKROOT; };
		14F15368168C6DA000CB4D1C /* AppKit.framework */ = {isa = PBXFileReference; lastKnownFileType = wrapper.framework; name = AppKit.framework; path = System/Library/Frameworks/AppKit.framework; sourceTree = SDKROOT; };
		14F15369168C6DA000CB4D1C /* CoreData.framework */ = {isa = PBXFileReference; lastKnownFileType = wrapper.framework; name = CoreData.framework; path = System/Library/Frameworks/CoreData.framework; sourceTree = SDKROOT; };
		14F1536A168C6DA000CB4D1C /* Foundation.framework */ = {isa = PBXFileReference; lastKnownFileType = wrapper.framework; name = Foundation.framework; path = System/Library/Frameworks/Foundation.framework; sourceTree = SDKROOT; };
		14F153C6168C6FB000CB4D1C /* SceneKit.framework */ = {isa = PBXFileReference; lastKnownFileType = wrapper.framework; name = SceneKit.framework; path = System/Library/Frameworks/SceneKit.framework; sourceTree = SDKROOT; };
		14F153CA168C70AC00CB4D1C /* QuartzCore.framework */ = {isa = PBXFileReference; lastKnownFileType = wrapper.framework; name = QuartzCore.framework; path = System/Library/Frameworks/QuartzCore.framework; sourceTree = SDKROOT; };
/* End PBXFileReference section */

/* Begin PBXFrameworksBuildPhase section */
		14F1535E168C6DA000CB4D1C /* Frameworks */ = {
			isa = PBXFrameworksBuildPhase;
			buildActionMask = 2147483647;
			files = (
				14F153CB168C70AC00CB4D1C /* QuartzCore.framework in Frameworks */,
				14F153C7168C6FB000CB4D1C /* SceneKit.framework in Frameworks */,
				14F15366168C6DA000CB4D1C /* Cocoa.framework in Frameworks */,
			);
			runOnlyForDeploymentPostprocessing = 0;
		};
/* End PBXFrameworksBuildPhase section */

/* Begin PBXGroup section */
		143729F9168E6FF80066D9E4 /* Classes */ = {
			isa = PBXGroup;
			children = (
				14372A00168E702D0066D9E4 /* SKAAppDelegate.h */,
				14372A01168E702D0066D9E4 /* SKAAppDelegate.m */,
				14372A02168E702D0066D9E4 /* SKAMainWindowController.h */,
				14372A03168E702D0066D9E4 /* SKAMainWindowController.m */,
				14372A04168E702D0066D9E4 /* SKASceneView.h */,
				14372A05168E702D0066D9E4 /* SKASceneView.m */,
				143729FB168E702D0066D9E4 /* NSColor+SKAAdditions.h */,
				143729FC168E702D0066D9E4 /* NSColor+SKAAdditions.m */,
				143729FD168E702D0066D9E4 /* NSImage+SKAAdditions.h */,
				143729FE168E702D0066D9E4 /* NSImage+SKAAdditions.m */,
			);
			name = Classes;
			path = SceneKitArtwork/Classes;
			sourceTree = "<group>";
		};
		14372A10168E71740066D9E4 /* Resources */ = {
			isa = PBXGroup;
			children = (
				14372A2F168ED8EF0066D9E4 /* MainMenu.xib */,
				14372A30168ED8EF0066D9E4 /* SKAMainWindowController.xib */,
				14372A11168E71960066D9E4 /* SceneKitArtwork-Info.plist */,
				14372A2D168ED8EF0066D9E4 /* box.dae */,
				14372A2E168ED8EF0066D9E4 /* Credits.rtf */,
				14372A2C168ED85F0066D9E4 /* Images */,
			);
			name = Resources;
			path = SceneKitArtwork/Resources;
			sourceTree = "<group>";
		};
		14372A2B168ED81A0066D9E4 /* Other Sources */ = {
			isa = PBXGroup;
			children = (
				14372A25168E71F70066D9E4 /* SceneKitArtwork-Prefix.pch */,
				14372A24168E71F70066D9E4 /* main.m */,
			);
			name = "Other Sources";
			path = "SceneKitArtwork/Other Sources";
			sourceTree = "<group>";
		};
		14372A2C168ED85F0066D9E4 /* Images */ = {
			isa = PBXGroup;
			children = (
				140BE385168ED94A000818CC /* sampleIcon1.png */,
				140BE386168ED94A000818CC /* sampleIcon2.png */,
				140BE387168ED94A000818CC /* sampleIcon3.png */,
				140BE388168ED94A000818CC /* woodTile.png */,
			);
			path = Images;
			sourceTree = "<group>";
		};
		14F15356168C6DA000CB4D1C = {
			isa = PBXGroup;
			children = (
				143729F9168E6FF80066D9E4 /* Classes */,
				14372A2B168ED81A0066D9E4 /* Other Sources */,
				14372A10168E71740066D9E4 /* Resources */,
				14F1536C168C6DA000CB4D1C /* Supporting Files */,
				14F15364168C6DA000CB4D1C /* Frameworks */,
				14F15362168C6DA000CB4D1C /* Products */,
			);
			sourceTree = "<group>";
		};
		14F15362168C6DA000CB4D1C /* Products */ = {
			isa = PBXGroup;
			children = (
				14F15361168C6DA000CB4D1C /* SceneKitArtwork.app */,
			);
			name = Products;
			sourceTree = "<group>";
		};
		14F15364168C6DA000CB4D1C /* Frameworks */ = {
			isa = PBXGroup;
			children = (
				14F15368168C6DA000CB4D1C /* AppKit.framework */,
				14F15369168C6DA000CB4D1C /* CoreData.framework */,
				14F1536A168C6DA000CB4D1C /* Foundation.framework */,
				14F153CA168C70AC00CB4D1C /* QuartzCore.framework */,
				14F153C6168C6FB000CB4D1C /* SceneKit.framework */,
				14F15365168C6DA000CB4D1C /* Cocoa.framework */,
			);
			name = Frameworks;
			sourceTree = "<group>";
		};
		14F1536C168C6DA000CB4D1C /* Supporting Files */ = {
			isa = PBXGroup;
			children = (
			);
			name = "Supporting Files";
			path = SceneKitArtwork;
			sourceTree = "<group>";
		};
/* End PBXGroup section */

/* Begin PBXNativeTarget section */
		14F15360168C6DA000CB4D1C /* SceneKitArtwork */ = {
			isa = PBXNativeTarget;
			buildConfigurationList = 14F1537F168C6DA000CB4D1C /* Build configuration list for PBXNativeTarget "SceneKitArtwork" */;
			buildPhases = (
				14F1535D168C6DA000CB4D1C /* Sources */,
				14F1535E168C6DA000CB4D1C /* Frameworks */,
				14F1535F168C6DA000CB4D1C /* Resources */,
			);
			buildRules = (
			);
			dependencies = (
			);
			name = SceneKitArtwork;
			productName = SceneKitArtwork;
			productReference = 14F15361168C6DA000CB4D1C /* SceneKitArtwork.app */;
			productType = "com.apple.product-type.application";
		};
/* End PBXNativeTarget section */

/* Begin PBXProject section */
		14F15358168C6DA000CB4D1C /* Project object */ = {
			isa = PBXProject;
			attributes = {
				CLASSPREFIX = SKA;
				LastUpgradeCheck = 0450;
				ORGANIZATIONNAME = "Pragmatic Code";
			};
			buildConfigurationList = 14F1535B168C6DA000CB4D1C /* Build configuration list for PBXProject "SceneKitArtwork" */;
			compatibilityVersion = "Xcode 3.2";
			developmentRegion = English;
			hasScannedForEncodings = 0;
			knownRegions = (
				en,
			);
			mainGroup = 14F15356168C6DA000CB4D1C;
			productRefGroup = 14F15362168C6DA000CB4D1C /* Products */;
			projectDirPath = "";
			projectRoot = "";
			targets = (
				14F15360168C6DA000CB4D1C /* SceneKitArtwork */,
			);
		};
/* End PBXProject section */

/* Begin PBXResourcesBuildPhase section */
		14F1535F168C6DA000CB4D1C /* Resources */ = {
			isa = PBXResourcesBuildPhase;
			buildActionMask = 2147483647;
			files = (
				14372A31168ED8EF0066D9E4 /* box.dae in Resources */,
				14372A32168ED8EF0066D9E4 /* Credits.rtf in Resources */,
				14372A33168ED8EF0066D9E4 /* MainMenu.xib in Resources */,
				14372A34168ED8EF0066D9E4 /* SKAMainWindowController.xib in Resources */,
				140BE389168ED94A000818CC /* sampleIcon1.png in Resources */,
				140BE38A168ED94A000818CC /* sampleIcon2.png in Resources */,
				140BE38B168ED94A000818CC /* sampleIcon3.png in Resources */,
				140BE38C168ED94A000818CC /* woodTile.png in Resources */,
			);
			runOnlyForDeploymentPostprocessing = 0;
		};
/* End PBXResourcesBuildPhase section */

/* Begin PBXSourcesBuildPhase section */
		14F1535D168C6DA000CB4D1C /* Sources */ = {
			isa = PBXSourcesBuildPhase;
			buildActionMask = 2147483647;
			files = (
				14372A07168E702D0066D9E4 /* NSColor+SKAAdditions.m in Sources */,
				14372A08168E702D0066D9E4 /* NSImage+SKAAdditions.m in Sources */,
				14372A09168E702D0066D9E4 /* SKAAppDelegate.m in Sources */,
				14372A0A168E702D0066D9E4 /* SKAMainWindowController.m in Sources */,
				14372A0B168E702D0066D9E4 /* SKASceneView.m in Sources */,
				14372A26168E72E20066D9E4 /* main.m in Sources */,
			);
			runOnlyForDeploymentPostprocessing = 0;
		};
/* End PBXSourcesBuildPhase section */

/* Begin XCBuildConfiguration section */
		14F1537D168C6DA000CB4D1C /* Debug */ = {
			isa = XCBuildConfiguration;
			buildSettings = {
				ALWAYS_SEARCH_USER_PATHS = NO;
				ARCHS = "$(ARCHS_STANDARD_64_BIT)";
				CLANG_CXX_LANGUAGE_STANDARD = "gnu++0x";
				CLANG_CXX_LIBRARY = "libc++";
				CLANG_ENABLE_OBJC_ARC = YES;
				CLANG_WARN_EMPTY_BODY = YES;
				CLANG_WARN__DUPLICATE_METHOD_MATCH = YES;
				COPY_PHASE_STRIP = NO;
				GCC_C_LANGUAGE_STANDARD = gnu99;
				GCC_DYNAMIC_NO_PIC = NO;
				GCC_ENABLE_OBJC_EXCEPTIONS = YES;
				GCC_OPTIMIZATION_LEVEL = 0;
				GCC_PREPROCESSOR_DEFINITIONS = (
					"DEBUG=1",
					"$(inherited)",
				);
				GCC_SYMBOLS_PRIVATE_EXTERN = NO;
				GCC_WARN_64_TO_32_BIT_CONVERSION = YES;
				GCC_WARN_ABOUT_RETURN_TYPE = YES;
				GCC_WARN_UNINITIALIZED_AUTOS = YES;
				GCC_WARN_UNUSED_VARIABLE = YES;
				IBC_WARNINGS = NO;
				MACOSX_DEPLOYMENT_TARGET = 10.8;
				ONLY_ACTIVE_ARCH = YES;
				SDKROOT = macosx;
			};
			name = Debug;
		};
		14F1537E168C6DA000CB4D1C /* Release */ = {
			isa = XCBuildConfiguration;
			buildSettings = {
				ALWAYS_SEARCH_USER_PATHS = NO;
				ARCHS = "$(ARCHS_STANDARD_64_BIT)";
				CLANG_CXX_LANGUAGE_STANDARD = "gnu++0x";
				CLANG_CXX_LIBRARY = "libc++";
				CLANG_ENABLE_OBJC_ARC = YES;
				CLANG_WARN_EMPTY_BODY = YES;
				CLANG_WARN__DUPLICATE_METHOD_MATCH = YES;
				COPY_PHASE_STRIP = YES;
				DEBUG_INFORMATION_FORMAT = "dwarf-with-dsym";
				GCC_C_LANGUAGE_STANDARD = gnu99;
				GCC_ENABLE_OBJC_EXCEPTIONS = YES;
				GCC_WARN_64_TO_32_BIT_CONVERSION = YES;
				GCC_WARN_ABOUT_RETURN_TYPE = YES;
				GCC_WARN_UNINITIALIZED_AUTOS = YES;
				GCC_WARN_UNUSED_VARIABLE = YES;
				IBC_WARNINGS = NO;
				MACOSX_DEPLOYMENT_TARGET = 10.8;
				SDKROOT = macosx;
			};
			name = Release;
		};
		14F15380168C6DA000CB4D1C /* Debug */ = {
			isa = XCBuildConfiguration;
			buildSettings = {
				COMBINE_HIDPI_IMAGES = YES;
				GCC_PRECOMPILE_PREFIX_HEADER = YES;
				GCC_PREFIX_HEADER = "SceneKitArtwork/Other Sources/SceneKitArtwork-Prefix.pch";
				INFOPLIST_FILE = "SceneKitArtwork/Resources/SceneKitArtwork-Info.plist";
				PRODUCT_NAME = "$(TARGET_NAME)";
				WRAPPER_EXTENSION = app;
			};
			name = Debug;
		};
		14F15381168C6DA000CB4D1C /* Release */ = {
			isa = XCBuildConfiguration;
			buildSettings = {
				COMBINE_HIDPI_IMAGES = YES;
				GCC_PRECOMPILE_PREFIX_HEADER = YES;
				GCC_PREFIX_HEADER = "SceneKitArtwork/Other Sources/SceneKitArtwork-Prefix.pch";
				INFOPLIST_FILE = "SceneKitArtwork/Resources/SceneKitArtwork-Info.plist";
				PRODUCT_NAME = "$(TARGET_NAME)";
				WRAPPER_EXTENSION = app;
			};
			name = Release;
		};
/* End XCBuildConfiguration section */

/* Begin XCConfigurationList section */
		14F1535B168C6DA000CB4D1C /* Build configuration list for PBXProject "SceneKitArtwork" */ = {
			isa = XCConfigurationList;
			buildConfigurations = (
				14F1537D168C6DA000CB4D1C /* Debug */,
				14F1537E168C6DA000CB4D1C /* Release */,
			);
			defaultConfigurationIsVisible = 0;
			defaultConfigurationName = Release;
		};
		14F1537F168C6DA000CB4D1C /* Build configuration list for PBXNativeTarget "SceneKitArtwork" */ = {
			isa = XCConfigurationList;
			buildConfigurations = (
				14F15380168C6DA000CB4D1C /* Debug */,
				14F15381168C6DA000CB4D1C /* Release */,
			);
			defaultConfigurationIsVisible = 0;
			defaultConfigurationName = Release;
		};
/* End XCConfigurationList section */
	};
	rootObject = 14F15358168C6DA000CB4D1C /* Project object */;
}
